// !$*UTF8*$!
{
	archiveVersion = 1;
	classes = {
	};
	objectVersion = 46;
	objects = {

/* Begin PBXBuildFile section */
		18CF8C9019C78E40007D5B4D /* AppDelegate.swift in Sources */ = {isa = PBXBuildFile; fileRef = 18CF8C8F19C78E40007D5B4D /* AppDelegate.swift */; };
		18CF8C9319C78E40007D5B4D /* Taaref.xcdatamodeld in Sources */ = {isa = PBXBuildFile; fileRef = 18CF8C9119C78E40007D5B4D /* Taaref.xcdatamodeld */; };
		18CF8C9519C78E40007D5B4D /* HomeViewController.swift in Sources */ = {isa = PBXBuildFile; fileRef = 18CF8C9419C78E40007D5B4D /* HomeViewController.swift */; };
		18CF8C9819C78E40007D5B4D /* Main.storyboard in Resources */ = {isa = PBXBuildFile; fileRef = 18CF8C9619C78E40007D5B4D /* Main.storyboard */; };
		18CF8C9A19C78E40007D5B4D /* Images.xcassets in Resources */ = {isa = PBXBuildFile; fileRef = 18CF8C9919C78E40007D5B4D /* Images.xcassets */; };
		18CF8C9D19C78E40007D5B4D /* LaunchScreen.xib in Resources */ = {isa = PBXBuildFile; fileRef = 18CF8C9B19C78E40007D5B4D /* LaunchScreen.xib */; };
		18CF8CA919C78E40007D5B4D /* TaarefTests.swift in Sources */ = {isa = PBXBuildFile; fileRef = 18CF8CA819C78E40007D5B4D /* TaarefTests.swift */; };
/* End PBXBuildFile section */

/* Begin PBXContainerItemProxy section */
		18CF8CA319C78E40007D5B4D /* PBXContainerItemProxy */ = {
			isa = PBXContainerItemProxy;
			containerPortal = 18CF8C8219C78E40007D5B4D /* Project object */;
			proxyType = 1;
			remoteGlobalIDString = 18CF8C8919C78E40007D5B4D;
			remoteInfo = Taaref;
		};
/* End PBXContainerItemProxy section */

/* Begin PBXFileReference section */
		18CF8C8A19C78E40007D5B4D /* Taaref.app */ = {isa = PBXFileReference; explicitFileType = wrapper.application; includeInIndex = 0; path = Taaref.app; sourceTree = BUILT_PRODUCTS_DIR; };
		18CF8C8E19C78E40007D5B4D /* Info.plist */ = {isa = PBXFileReference; lastKnownFileType = text.plist.xml; path = Info.plist; sourceTree = "<group>"; };
		18CF8C8F19C78E40007D5B4D /* AppDelegate.swift */ = {isa = PBXFileReference; lastKnownFileType = sourcecode.swift; path = AppDelegate.swift; sourceTree = "<group>"; };
		18CF8C9219C78E40007D5B4D /* Taaref.xcdatamodel */ = {isa = PBXFileReference; lastKnownFileType = wrapper.xcdatamodel; path = Taaref.xcdatamodel; sourceTree = "<group>"; };
		18CF8C9419C78E40007D5B4D /* HomeViewController.swift */ = {isa = PBXFileReference; lastKnownFileType = sourcecode.swift; path = HomeViewController.swift; sourceTree = "<group>"; };
		18CF8C9719C78E40007D5B4D /* Base */ = {isa = PBXFileReference; lastKnownFileType = file.storyboard; name = Base; path = Base.lproj/Main.storyboard; sourceTree = "<group>"; };
		18CF8C9919C78E40007D5B4D /* Images.xcassets */ = {isa = PBXFileReference; lastKnownFileType = folder.assetcatalog; path = Images.xcassets; sourceTree = "<group>"; };
		18CF8C9C19C78E40007D5B4D /* Base */ = {isa = PBXFileReference; lastKnownFileType = file.xib; name = Base; path = Base.lproj/LaunchScreen.xib; sourceTree = "<group>"; };
		18CF8CA219C78E40007D5B4D /* TaarefTests.xctest */ = {isa = PBXFileReference; explicitFileType = wrapper.cfbundle; includeInIndex = 0; path = TaarefTests.xctest; sourceTree = BUILT_PRODUCTS_DIR; };
		18CF8CA719C78E40007D5B4D /* Info.plist */ = {isa = PBXFileReference; lastKnownFileType = text.plist.xml; path = Info.plist; sourceTree = "<group>"; };
		18CF8CA819C78E40007D5B4D /* TaarefTests.swift */ = {isa = PBXFileReference; lastKnownFileType = sourcecode.swift; path = TaarefTests.swift; sourceTree = "<group>"; };
/* End PBXFileReference section */

/* Begin PBXFrameworksBuildPhase section */
		18CF8C8719C78E40007D5B4D /* Frameworks */ = {
			isa = PBXFrameworksBuildPhase;
			buildActionMask = 2147483647;
			files = (
			);
			runOnlyForDeploymentPostprocessing = 0;
		};
		18CF8C9F19C78E40007D5B4D /* Frameworks */ = {
			isa = PBXFrameworksBuildPhase;
			buildActionMask = 2147483647;
			files = (
			);
			runOnlyForDeploymentPostprocessing = 0;
		};
/* End PBXFrameworksBuildPhase section */

/* Begin PBXGroup section */
		18CF8C8119C78E40007D5B4D = {
			isa = PBXGroup;
			children = (
				18CF8C8C19C78E40007D5B4D /* Taaref */,
				18CF8CA519C78E40007D5B4D /* TaarefTests */,
				18CF8C8B19C78E40007D5B4D /* Products */,
			);
			sourceTree = "<group>";
		};
		18CF8C8B19C78E40007D5B4D /* Products */ = {
			isa = PBXGroup;
			children = (
				18CF8C8A19C78E40007D5B4D /* Taaref.app */,
				18CF8CA219C78E40007D5B4D /* TaarefTests.xctest */,
			);
			name = Products;
			sourceTree = "<group>";
		};
		18CF8C8C19C78E40007D5B4D /* Taaref */ = {
			isa = PBXGroup;
			children = (
				18CF8C8F19C78E40007D5B4D /* AppDelegate.swift */,
				18CF8C9419C78E40007D5B4D /* HomeViewController.swift */,
				18CF8C9619C78E40007D5B4D /* Main.storyboard */,
				18CF8C9919C78E40007D5B4D /* Images.xcassets */,
				18CF8C9B19C78E40007D5B4D /* LaunchScreen.xib */,
				18CF8C9119C78E40007D5B4D /* Taaref.xcdatamodeld */,
				18CF8C8D19C78E40007D5B4D /* Supporting Files */,
			);
			path = Taaref;
			sourceTree = "<group>";
		};
		18CF8C8D19C78E40007D5B4D /* Supporting Files */ = {
			isa = PBXGroup;
			children = (
				18CF8C8E19C78E40007D5B4D /* Info.plist */,
			);
			name = "Supporting Files";
			sourceTree = "<group>";
		};
		18CF8CA519C78E40007D5B4D /* TaarefTests */ = {
			isa = PBXGroup;
			children = (
				18CF8CA819C78E40007D5B4D /* TaarefTests.swift */,
				18CF8CA619C78E40007D5B4D /* Supporting Files */,
			);
			path = TaarefTests;
			sourceTree = "<group>";
		};
		18CF8CA619C78E40007D5B4D /* Supporting Files */ = {
			isa = PBXGroup;
			children = (
				18CF8CA719C78E40007D5B4D /* Info.plist */,
			);
			name = "Supporting Files";
			sourceTree = "<group>";
		};
/* End PBXGroup section */

/* Begin PBXNativeTarget section */
		18CF8C8919C78E40007D5B4D /* Taaref */ = {
			isa = PBXNativeTarget;
			buildConfigurationList = 18CF8CAC19C78E40007D5B4D /* Build configuration list for PBXNativeTarget "Taaref" */;
			buildPhases = (
				18CF8C8619C78E40007D5B4D /* Sources */,
				18CF8C8719C78E40007D5B4D /* Frameworks */,
				18CF8C8819C78E40007D5B4D /* Resources */,
			);
			buildRules = (
			);
			dependencies = (
			);
			name = Taaref;
			productName = Taaref;
			productReference = 18CF8C8A19C78E40007D5B4D /* Taaref.app */;
			productType = "com.apple.product-type.application";
		};
		18CF8CA119C78E40007D5B4D /* TaarefTests */ = {
			isa = PBXNativeTarget;
			buildConfigurationList = 18CF8CAF19C78E40007D5B4D /* Build configuration list for PBXNativeTarget "TaarefTests" */;
			buildPhases = (
				18CF8C9E19C78E40007D5B4D /* Sources */,
				18CF8C9F19C78E40007D5B4D /* Frameworks */,
				18CF8CA019C78E40007D5B4D /* Resources */,
			);
			buildRules = (
			);
			dependencies = (
				18CF8CA419C78E40007D5B4D /* PBXTargetDependency */,
			);
			name = TaarefTests;
			productName = TaarefTests;
			productReference = 18CF8CA219C78E40007D5B4D /* TaarefTests.xctest */;
			productType = "com.apple.product-type.bundle.unit-test";
		};
/* End PBXNativeTarget section */

/* Begin PBXProject section */
		18CF8C8219C78E40007D5B4D /* Project object */ = {
			isa = PBXProject;
			attributes = {
				LastUpgradeCheck = 0600;
				ORGANIZATIONNAME = Baims;
				TargetAttributes = {
					18CF8C8919C78E40007D5B4D = {
						CreatedOnToolsVersion = 6.0;
					};
					18CF8CA119C78E40007D5B4D = {
						CreatedOnToolsVersion = 6.0;
						TestTargetID = 18CF8C8919C78E40007D5B4D;
					};
				};
			};
			buildConfigurationList = 18CF8C8519C78E40007D5B4D /* Build configuration list for PBXProject "Taaref" */;
			compatibilityVersion = "Xcode 3.2";
			developmentRegion = English;
			hasScannedForEncodings = 0;
			knownRegions = (
				en,
				Base,
			);
			mainGroup = 18CF8C8119C78E40007D5B4D;
			productRefGroup = 18CF8C8B19C78E40007D5B4D /* Products */;
			projectDirPath = "";
			projectRoot = "";
			targets = (
				18CF8C8919C78E40007D5B4D /* Taaref */,
				18CF8CA119C78E40007D5B4D /* TaarefTests */,
			);
		};
/* End PBXProject section */

/* Begin PBXResourcesBuildPhase section */
		18CF8C8819C78E40007D5B4D /* Resources */ = {
			isa = PBXResourcesBuildPhase;
			buildActionMask = 2147483647;
			files = (
				18CF8C9819C78E40007D5B4D /* Main.storyboard in Resources */,
				18CF8C9D19C78E40007D5B4D /* LaunchScreen.xib in Resources */,
				18CF8C9A19C78E40007D5B4D /* Images.xcassets in Resources */,
			);
			runOnlyForDeploymentPostprocessing = 0;
		};
		18CF8CA019C78E40007D5B4D /* Resources */ = {
			isa = PBXResourcesBuildPhase;
			buildActionMask = 2147483647;
			files = (
			);
			runOnlyForDeploymentPostprocessing = 0;
		};
/* End PBXResourcesBuildPhase section */

/* Begin PBXSourcesBuildPhase section */
		18CF8C8619C78E40007D5B4D /* Sources */ = {
			isa = PBXSourcesBuildPhase;
			buildActionMask = 2147483647;
			files = (
				18CF8C9519C78E40007D5B4D /* HomeViewController.swift in Sources */,
				18CF8C9319C78E40007D5B4D /* Taaref.xcdatamodeld in Sources */,
				18CF8C9019C78E40007D5B4D /* AppDelegate.swift in Sources */,
			);
			runOnlyForDeploymentPostprocessing = 0;
		};
		18CF8C9E19C78E40007D5B4D /* Sources */ = {
			isa = PBXSourcesBuildPhase;
			buildActionMask = 2147483647;
			files = (
				18CF8CA919C78E40007D5B4D /* TaarefTests.swift in Sources */,
			);
			runOnlyForDeploymentPostprocessing = 0;
		};
/* End PBXSourcesBuildPhase section */

/* Begin PBXTargetDependency section */
		18CF8CA419C78E40007D5B4D /* PBXTargetDependency */ = {
			isa = PBXTargetDependency;
			target = 18CF8C8919C78E40007D5B4D /* Taaref */;
			targetProxy = 18CF8CA319C78E40007D5B4D /* PBXContainerItemProxy */;
		};
/* End PBXTargetDependency section */

/* Begin PBXVariantGroup section */
		18CF8C9619C78E40007D5B4D /* Main.storyboard */ = {
			isa = PBXVariantGroup;
			children = (
				18CF8C9719C78E40007D5B4D /* Base */,
			);
			name = Main.storyboard;
			sourceTree = "<group>";
		};
		18CF8C9B19C78E40007D5B4D /* LaunchScreen.xib */ = {
			isa = PBXVariantGroup;
			children = (
				18CF8C9C19C78E40007D5B4D /* Base */,
			);
			name = LaunchScreen.xib;
			sourceTree = "<group>";
		};
/* End PBXVariantGroup section */

/* Begin XCBuildConfiguration section */
		18CF8CAA19C78E40007D5B4D /* Debug */ = {
			isa = XCBuildConfiguration;
			buildSettings = {
				ALWAYS_SEARCH_USER_PATHS = NO;
				CLANG_CXX_LANGUAGE_STANDARD = "gnu++0x";
				CLANG_CXX_LIBRARY = "libc++";
				CLANG_ENABLE_MODULES = YES;
				CLANG_ENABLE_OBJC_ARC = YES;
				CLANG_WARN_BOOL_CONVERSION = YES;
				CLANG_WARN_CONSTANT_CONVERSION = YES;
				CLANG_WARN_DIRECT_OBJC_ISA_USAGE = YES_ERROR;
				CLANG_WARN_EMPTY_BODY = YES;
				CLANG_WARN_ENUM_CONVERSION = YES;
				CLANG_WARN_INT_CONVERSION = YES;
				CLANG_WARN_OBJC_ROOT_CLASS = YES_ERROR;
				CLANG_WARN_UNREACHABLE_CODE = YES;
				CLANG_WARN__DUPLICATE_METHOD_MATCH = YES;
				"CODE_SIGN_IDENTITY[sdk=iphoneos*]" = "iPhone Developer";
				COPY_PHASE_STRIP = NO;
				ENABLE_STRICT_OBJC_MSGSEND = YES;
				GCC_C_LANGUAGE_STANDARD = gnu99;
				GCC_DYNAMIC_NO_PIC = NO;
				GCC_OPTIMIZATION_LEVEL = 0;
				GCC_PREPROCESSOR_DEFINITIONS = (
					"DEBUG=1",
					"$(inherited)",
				);
				GCC_SYMBOLS_PRIVATE_EXTERN = NO;
				GCC_WARN_64_TO_32_BIT_CONVERSION = YES;
				GCC_WARN_ABOUT_RETURN_TYPE = YES_ERROR;
				GCC_WARN_UNDECLARED_SELECTOR = YES;
				GCC_WARN_UNINITIALIZED_AUTOS = YES_AGGRESSIVE;
				GCC_WARN_UNUSED_FUNCTION = YES;
				GCC_WARN_UNUSED_VARIABLE = YES;
				IPHONEOS_DEPLOYMENT_TARGET = 8.0;
				MTL_ENABLE_DEBUG_INFO = YES;
				ONLY_ACTIVE_ARCH = YES;
				SDKROOT = iphoneos;
				SWIFT_OPTIMIZATION_LEVEL = "-Onone";
				TARGETED_DEVICE_FAMILY = "1,2";
			};
			name = Debug;
		};
		18CF8CAB19C78E40007D5B4D /* Release */ = {
			isa = XCBuildConfiguration;
			buildSettings = {
				ALWAYS_SEARCH_USER_PATHS = NO;
				CLANG_CXX_LANGUAGE_STANDARD = "gnu++0x";
				CLANG_CXX_LIBRARY = "libc++";
				CLANG_ENABLE_MODULES = YES;
				CLANG_ENABLE_OBJC_ARC = YES;
				CLANG_WARN_BOOL_CONVERSION = YES;
				CLANG_WARN_CONSTANT_CONVERSION = YES;
				CLANG_WARN_DIRECT_OBJC_ISA_USAGE = YES_ERROR;
				CLANG_WARN_EMPTY_BODY = YES;
				CLANG_WARN_ENUM_CONVERSION = YES;
				CLANG_WARN_INT_CONVERSION = YES;
				CLANG_WARN_OBJC_ROOT_CLASS = YES_ERROR;
				CLANG_WARN_UNREACHABLE_CODE = YES;
				CLANG_WARN__DUPLICATE_METHOD_MATCH = YES;
				"CODE_SIGN_IDENTITY[sdk=iphoneos*]" = "iPhone Developer";
				COPY_PHASE_STRIP = YES;
				ENABLE_NS_ASSERTIONS = NO;
				ENABLE_STRICT_OBJC_MSGSEND = YES;
				GCC_C_LANGUAGE_STANDARD = gnu99;
				GCC_WARN_64_TO_32_BIT_CONVERSION = YES;
				GCC_WARN_ABOUT_RETURN_TYPE = YES_ERROR;
				GCC_WARN_UNDECLARED_SELECTOR = YES;
				GCC_WARN_UNINITIALIZED_AUTOS = YES_AGGRESSIVE;
				GCC_WARN_UNUSED_FUNCTION = YES;
				GCC_WARN_UNUSED_VARIABLE = YES;
				IPHONEOS_DEPLOYMENT_TARGET = 8.0;
				MTL_ENABLE_DEBUG_INFO = NO;
				SDKROOT = iphoneos;
				TARGETED_DEVICE_FAMILY = "1,2";
				VALIDATE_PRODUCT = YES;
			};
			name = Release;
		};
		18CF8CAD19C78E40007D5B4D /* Debug */ = {
			isa = XCBuildConfiguration;
			buildSettings = {
				ASSETCATALOG_COMPILER_APPICON_NAME = AppIcon;
				INFOPLIST_FILE = Taaref/Info.plist;
				LD_RUNPATH_SEARCH_PATHS = "$(inherited) @executable_path/Frameworks";
				PRODUCT_NAME = "$(TARGET_NAME)";
			};
			name = Debug;
		};
		18CF8CAE19C78E40007D5B4D /* Release */ = {
			isa = XCBuildConfiguration;
			buildSettings = {
				ASSETCATALOG_COMPILER_APPICON_NAME = AppIcon;
				INFOPLIST_FILE = Taaref/Info.plist;
				LD_RUNPATH_SEARCH_PATHS = "$(inherited) @executable_path/Frameworks";
				PRODUCT_NAME = "$(TARGET_NAME)";
			};
			name = Release;
		};
		18CF8CB019C78E40007D5B4D /* Debug */ = {
			isa = XCBuildConfiguration;
			buildSettings = {
				BUNDLE_LOADER = "$(TEST_HOST)";
				FRAMEWORK_SEARCH_PATHS = (
					"$(SDKROOT)/Developer/Library/Frameworks",
					"$(inherited)",
				);
				GCC_PREPROCESSOR_DEFINITIONS = (
					"DEBUG=1",
					"$(inherited)",
				);
				INFOPLIST_FILE = TaarefTests/Info.plist;
				LD_RUNPATH_SEARCH_PATHS = "$(inherited) @executable_path/Frameworks @loader_path/Frameworks";
				PRODUCT_NAME = "$(TARGET_NAME)";
				TEST_HOST = "$(BUILT_PRODUCTS_DIR)/Taaref.app/Taaref";
			};
			name = Debug;
		};
		18CF8CB119C78E40007D5B4D /* Release */ = {
			isa = XCBuildConfiguration;
			buildSettings = {
				BUNDLE_LOADER = "$(TEST_HOST)";
				FRAMEWORK_SEARCH_PATHS = (
					"$(SDKROOT)/Developer/Library/Frameworks",
					"$(inherited)",
				);
				INFOPLIST_FILE = TaarefTests/Info.plist;
				LD_RUNPATH_SEARCH_PATHS = "$(inherited) @executable_path/Frameworks @loader_path/Frameworks";
				PRODUCT_NAME = "$(TARGET_NAME)";
				TEST_HOST = "$(BUILT_PRODUCTS_DIR)/Taaref.app/Taaref";
			};
			name = Release;
		};
/* End XCBuildConfiguration section */

/* Begin XCConfigurationList section */
		18CF8C8519C78E40007D5B4D /* Build configuration list for PBXProject "Taaref" */ = {
			isa = XCConfigurationList;
			buildConfigurations = (
				18CF8CAA19C78E40007D5B4D /* Debug */,
				18CF8CAB19C78E40007D5B4D /* Release */,
			);
			defaultConfigurationIsVisible = 0;
			defaultConfigurationName = Release;
		};
		18CF8CAC19C78E40007D5B4D /* Build configuration list for PBXNativeTarget "Taaref" */ = {
			isa = XCConfigurationList;
			buildConfigurations = (
				18CF8CAD19C78E40007D5B4D /* Debug */,
				18CF8CAE19C78E40007D5B4D /* Release */,
			);
			defaultConfigurationIsVisible = 0;
		};
		18CF8CAF19C78E40007D5B4D /* Build configuration list for PBXNativeTarget "TaarefTests" */ = {
			isa = XCConfigurationList;
			buildConfigurations = (
				18CF8CB019C78E40007D5B4D /* Debug */,
				18CF8CB119C78E40007D5B4D /* Release */,
			);
			defaultConfigurationIsVisible = 0;
		};
/* End XCConfigurationList section */

/* Begin XCVersionGroup section */
		18CF8C9119C78E40007D5B4D /* Taaref.xcdatamodeld */ = {
			isa = XCVersionGroup;
			children = (
				18CF8C9219C78E40007D5B4D /* Taaref.xcdatamodel */,
			);
			currentVersion = 18CF8C9219C78E40007D5B4D /* Taaref.xcdatamodel */;
			path = Taaref.xcdatamodeld;
			sourceTree = "<group>";
			versionGroupType = wrapper.xcdatamodel;
		};
/* End XCVersionGroup section */
	};
	rootObject = 18CF8C8219C78E40007D5B4D /* Project object */;
}
